# This file is automatically @generated by Cargo.
# It is not intended for manual editing.
version = 4

[[package]]
name = "leaf"
version = "0.1.0"
dependencies = [
 "utils",
]

[[package]]
name = "mid"
version = "0.1.0"
dependencies = [
 "leaf",
 "utils",
]

[[package]]
name = "top"
version = "0.1.0"
dependencies = [
 "mid",
]

[[package]]
name = "utils"
version = "0.1.0"
